
Microsoft Visual Studio Solution File, Format Version 12.00
Project("{F2A71F9B-5D33-465A-A702-920D77279786}") = "ConsoleApp1", "ConsoleApp1\ConsoleApp1.fsproj", "{199496EC-4333-4539-A4C3-23ADB7850637}"
EndProject
Global
	GlobalSection(SolutionConfigurationPlatforms) = preSolution
		Debug|Any CPU = Debug|Any CPU
		Release|Any CPU = Release|Any CPU
	EndGlobalSection
	GlobalSection(ProjectConfigurationPlatforms) = postSolution
		{199496EC-4333-4539-A4C3-23ADB7850637}.Debug|Any CPU.ActiveCfg = Debug|Any CPU
		{199496EC-4333-4539-A4C3-23ADB7850637}.Debug|Any CPU.Build.0 = Debug|Any CPU
		{199496EC-4333-4539-A4C3-23ADB7850637}.Release|Any CPU.ActiveCfg = Release|Any CPU
		{199496EC-4333-4539-A4C3-23ADB7850637}.Release|Any CPU.Build.0 = Release|Any CPU
	EndGlobalSection
EndGlobal
